
Microsoft Visual Studio Solution File, Format Version 12.00
# Visual Studio Version 17
VisualStudioVersion = 17.12.35527.113
MinimumVisualStudioVersion = 10.0.40219.1
Project("{FAE04EC0-301F-11D3-BF4B-00C04F79EFBC}") = "damoch4", "damoch4\damoch4.csproj", "{137C9DCA-C1D4-45B9-8557-5A20C9DC5CEF}"
EndProject
Project("{FAE04EC0-301F-11D3-BF4B-00C04F79EFBC}") = "assignment4", "assignment4\assignment4.csproj", "{156CEE79-9510-4E45-880C-F6348D5DC42A}"
EndProject
Global
	GlobalSection(SolutionConfigurationPlatforms) = preSolution
		Debug|Any CPU = Debug|Any CPU
		Release|Any CPU = Release|Any CPU
	EndGlobalSection
	GlobalSection(ProjectConfigurationPlatforms) = postSolution
		{137C9DCA-C1D4-45B9-8557-5A20C9DC5CEF}.Debug|Any CPU.ActiveCfg = Debug|Any CPU
		{137C9DCA-C1D4-45B9-8557-5A20C9DC5CEF}.Debug|Any CPU.Build.0 = Debug|Any CPU
		{137C9DCA-C1D4-45B9-8557-5A20C9DC5CEF}.Release|Any CPU.ActiveCfg = Release|Any CPU
		{137C9DCA-C1D4-45B9-8557-5A20C9DC5CEF}.Release|Any CPU.Build.0 = Release|Any CPU
		{156CEE79-9510-4E45-880C-F6348D5DC42A}.Debug|Any CPU.ActiveCfg = Debug|Any CPU
		{156CEE79-9510-4E45-880C-F6348D5DC42A}.Debug|Any CPU.Build.0 = Debug|Any CPU
		{156CEE79-9510-4E45-880C-F6348D5DC42A}.Release|Any CPU.ActiveCfg = Release|Any CPU
		{156CEE79-9510-4E45-880C-F6348D5DC42A}.Release|Any CPU.Build.0 = Release|Any CPU
	EndGlobalSection
	GlobalSection(SolutionProperties) = preSolution
		HideSolutionNode = FALSE
	EndGlobalSection
EndGlobal
